
Microsoft Visual Studio Solution File, Format Version 12.00
# Visual Studio Version 16
VisualStudioVersion = 16.0.30621.155
MinimumVisualStudioVersion = 10.0.40219.1
Project("{FAE04EC0-301F-11D3-BF4B-00C04F79EFBC}") = "ProyectoFinalAdmin(Libros)", "ProyectoFinalAdmin(Libros)\ProyectoFinalAdmin(Libros).csproj", "{BA4DA470-165C-467C-90BC-289783B60F21}"
EndProject
Global
	GlobalSection(SolutionConfigurationPlatforms) = preSolution
		Debug|Any CPU = Debug|Any CPU
		Release|Any CPU = Release|Any CPU
	EndGlobalSection
	GlobalSection(ProjectConfigurationPlatforms) = postSolution
		{BA4DA470-165C-467C-90BC-289783B60F21}.Debug|Any CPU.ActiveCfg = Debug|Any CPU
		{BA4DA470-165C-467C-90BC-289783B60F21}.Debug|Any CPU.Build.0 = Debug|Any CPU
		{BA4DA470-165C-467C-90BC-289783B60F21}.Release|Any CPU.ActiveCfg = Release|Any CPU
		{BA4DA470-165C-467C-90BC-289783B60F21}.Release|Any CPU.Build.0 = Release|Any CPU
	EndGlobalSection
	GlobalSection(SolutionProperties) = preSolution
		HideSolutionNode = FALSE
	EndGlobalSection
	GlobalSection(ExtensibilityGlobals) = postSolution
		SolutionGuid = {3AD57C40-4C30-4C6A-BCAD-DBADFF00EAB3}
	EndGlobalSection
EndGlobal
